
Microsoft Visual Studio Solution File, Format Version 12.00
# Visual Studio Version 17
VisualStudioVersion = 17.3.32901.215
MinimumVisualStudioVersion = 10.0.40219.1
Project("{FAE04EC0-301F-11D3-BF4B-00C04F79EFBC}") = "Sıra Alma", "Sıra Alma\Sıra Alma.csproj", "{68967841-13AC-42E3-AEE5-D0C70A0079B7}"
EndProject
Global
	GlobalSection(SolutionConfigurationPlatforms) = preSolution
		Debug|Any CPU = Debug|Any CPU
		Release|Any CPU = Release|Any CPU
	EndGlobalSection
	GlobalSection(ProjectConfigurationPlatforms) = postSolution
		{68967841-13AC-42E3-AEE5-D0C70A0079B7}.Debug|Any CPU.ActiveCfg = Debug|Any CPU
		{68967841-13AC-42E3-AEE5-D0C70A0079B7}.Debug|Any CPU.Build.0 = Debug|Any CPU
		{68967841-13AC-42E3-AEE5-D0C70A0079B7}.Release|Any CPU.ActiveCfg = Release|Any CPU
		{68967841-13AC-42E3-AEE5-D0C70A0079B7}.Release|Any CPU.Build.0 = Release|Any CPU
	EndGlobalSection
	GlobalSection(SolutionProperties) = preSolution
		HideSolutionNode = FALSE
	EndGlobalSection
	GlobalSection(ExtensibilityGlobals) = postSolution
		SolutionGuid = {49152667-480B-4A65-B5EA-301BD20A12FB}
	EndGlobalSection
EndGlobal
